{
  "name": "my-prisma-project",
  "version": "1.0.0",
  "lockfileVersion": 1,
  "requires": true,
  "dependencies": {
    "@prisma/cli": {
      "version": "2.0.0-alpha.1107",
      "resolved": "https://registry.npmjs.org/@prisma/cli/-/cli-2.0.0-alpha.1107.tgz",
      "integrity": "sha512-mdDe2PG/z8iGSLYfOJ4y8TmKAXgso4tPpDeYAlNd9k0rXQc9B/mIlgcr8w3UlF1+7jQ0Me1W33jgvihjVmEW5w==",
      "dev": true
    },
    "@prisma/client": {
      "version": "2.0.0-alpha.1107",
      "resolved": "https://registry.npmjs.org/@prisma/client/-/client-2.0.0-alpha.1107.tgz",
      "integrity": "sha512-wH2QenXdnolZz0+0cgO4LalMc2dnE/pR/EO7juWk/oQONDjczxyrE+sblZv6XljTHxx7r7APGwTnTBA1tIfqvQ=="
    },
    "@types/node": {
      "version": "13.13.0",
      "resolved": "https://registry.npmjs.org/@types/node/-/node-13.13.0.tgz",
      "integrity": "sha512-WE4IOAC6r/yBZss1oQGM5zs2D7RuKR6Q+w+X2SouPofnWn+LbCqClRyhO3ZE7Ix8nmFgo/oVuuE01cJT2XB13A==",
      "dev": true
    }
  }
}
